{
  "requires": true,
  "lockfileVersion": 1,
  "dependencies": {
    "@syncfusion/ej2-angular-base": {
      "version": "18.1.52",
      "resolved": "https://registry.npmjs.org/@syncfusion/ej2-angular-base/-/ej2-angular-base-18.1.52.tgz",
      "integrity": "sha512-tuovzFPYUCl2XH8XNC3E4P0Be1qI/xWXnAxgnowVCkTriqVf3yLpFBrBml+q6lXG6ugbJKZjSMuKC3sdf3XN4Q==",
      "requires": {
        "@syncfusion/ej2-base": "~18.1.52",
        "@syncfusion/ej2-icons": "~18.1.52",
        "core-js": "^3.4.8",
        "reflect-metadata": "^0.1.9",
        "rxjs": "^6.5.4",
        "rxjs-compat": "^6.5.4",
        "zone.js": "^0.10.2"
      }
    },
    "@syncfusion/ej2-angular-calendars": {
      "version": "18.1.52",
      "resolved": "https://registry.npmjs.org/@syncfusion/ej2-angular-calendars/-/ej2-angular-calendars-18.1.52.tgz",
      "integrity": "sha512-D27NQBSivG6p/lRcrnf/eQPf3TLWY9L+UgFMwz8j8PVoGeVkAiEHpywivCCOtkwreV8apqkmE2peB/zhQKRHKg==",
      "requires": {
        "@syncfusion/ej2-angular-base": "~18.1.52",
        "@syncfusion/ej2-base": "~18.1.52",
        "@syncfusion/ej2-calendars": "18.1.52"
      }
    },
    "@syncfusion/ej2-base": {
      "version": "18.1.52",
      "resolved": "https://registry.npmjs.org/@syncfusion/ej2-base/-/ej2-base-18.1.52.tgz",
      "integrity": "sha512-i3WziDqX0a9u3d20H/OdFYbwf3ml/vkNr5aoQTPoBT5gnDgnexKStTw1i9QFkxeYuqYWJ+biSeRukRTe3gN+8g==",
      "requires": {
        "@syncfusion/ej2-icons": "~18.1.52"
      }
    },
    "@syncfusion/ej2-buttons": {
      "version": "18.1.52",
      "resolved": "https://registry.npmjs.org/@syncfusion/ej2-buttons/-/ej2-buttons-18.1.52.tgz",
      "integrity": "sha512-ETGxD45kekJ6CDDpBQLhs0DRgOcC0gr2jIT6Gfqn6+1pNeWHOzbjwQ/JECdjXW6TfESmCNObceBrjbL0MdI56A==",
      "requires": {
        "@syncfusion/ej2-base": "~18.1.52"
      }
    },
    "@syncfusion/ej2-calendars": {
      "version": "18.1.52",
      "resolved": "https://registry.npmjs.org/@syncfusion/ej2-calendars/-/ej2-calendars-18.1.52.tgz",
      "integrity": "sha512-+kH21/ZJNgEEborh9VkHHOSAT4bZBLD39TUdnGv45JysRKD01DRwuY7H8s7xQEarfgq8Jmy/1yqbiVUEnva+wQ==",
      "requires": {
        "@syncfusion/ej2-base": "~18.1.52",
        "@syncfusion/ej2-buttons": "~18.1.52",
        "@syncfusion/ej2-inputs": "~18.1.52",
        "@syncfusion/ej2-lists": "~18.1.52",
        "@syncfusion/ej2-popups": "~18.1.52"
      }
    },
    "@syncfusion/ej2-data": {
      "version": "18.1.52",
      "resolved": "https://registry.npmjs.org/@syncfusion/ej2-data/-/ej2-data-18.1.52.tgz",
      "integrity": "sha512-/yk8A8VcCwYO7bQ0HeX+RuWHEP/BMVOanua+PfSagJj+HNSQSBUwhrwthdHYNGw92YuzxAjae5J2KEWMagAPtA==",
      "requires": {
        "@syncfusion/ej2-base": "~18.1.52"
      }
    },
    "@syncfusion/ej2-icons": {
      "version": "18.1.52",
      "resolved": "https://registry.npmjs.org/@syncfusion/ej2-icons/-/ej2-icons-18.1.52.tgz",
      "integrity": "sha512-G7TQ+1Y7BVUGR8qlo/NOx7IxQ/WkR9qoAyWVSs3sNNxnpM8HXP16N0BiexPwxkNEgoRmdByngtWPddHax9cdbA=="
    },
    "@syncfusion/ej2-inputs": {
      "version": "18.1.52",
      "resolved": "https://registry.npmjs.org/@syncfusion/ej2-inputs/-/ej2-inputs-18.1.52.tgz",
      "integrity": "sha512-5I814Wfzu+/y7T42o6GeNhudAEhxqa2bJpHZEuS7u4uCtQuZ+tWfJyGvIHekCF7ZItCdcjXrRyMuzuwnEDFhUw==",
      "requires": {
        "@syncfusion/ej2-base": "~18.1.52",
        "@syncfusion/ej2-buttons": "~18.1.52",
        "@syncfusion/ej2-popups": "~18.1.52",
        "@syncfusion/ej2-splitbuttons": "~18.1.52"
      }
    },
    "@syncfusion/ej2-lists": {
      "version": "18.1.52",
      "resolved": "https://registry.npmjs.org/@syncfusion/ej2-lists/-/ej2-lists-18.1.52.tgz",
      "integrity": "sha512-FAlNk803F1YjpjthGE0HG+S++8hW6wPfchuNYcOHm2YUCW40HsrHDqgpyqwSxnX2FxntieyssyJ/WX4kFoABuw==",
      "requires": {
        "@syncfusion/ej2-base": "~18.1.52",
        "@syncfusion/ej2-buttons": "~18.1.52",
        "@syncfusion/ej2-data": "~18.1.52"
      }
    },
    "@syncfusion/ej2-popups": {
      "version": "18.1.52",
      "resolved": "https://registry.npmjs.org/@syncfusion/ej2-popups/-/ej2-popups-18.1.52.tgz",
      "integrity": "sha512-XeWL4IWLIDxp4i+iHPVb1TBkyexuw/Nuj4zcCxP01cH3558jotEKWzERCLFNjbtlN39pnkSsD7pHVZmdPI1tUg==",
      "requires": {
        "@syncfusion/ej2-base": "~18.1.52",
        "@syncfusion/ej2-buttons": "~18.1.52"
      }
    },
    "@syncfusion/ej2-splitbuttons": {
      "version": "18.1.52",
      "resolved": "https://registry.npmjs.org/@syncfusion/ej2-splitbuttons/-/ej2-splitbuttons-18.1.52.tgz",
      "integrity": "sha512-7w3+3rIHTvSXqCKh52YLlrF/BPsa1um29wYtBN0pBfOSyfGVdteXXYjgA364Z64b8okykBwvIE7SYxvm/cUhew==",
      "requires": {
        "@syncfusion/ej2-base": "~18.1.52",
        "@syncfusion/ej2-popups": "~18.1.52"
      }
    },
    "@types/hammerjs": {
      "version": "2.0.36",
      "resolved": "https://registry.npmjs.org/@types/hammerjs/-/hammerjs-2.0.36.tgz",
      "integrity": "sha512-7TUK/k2/QGpEAv/BCwSHlYu3NXZhQ9ZwBYpzr9tjlPIL2C5BeGhH3DmVavRx3ZNyELX5TLC91JTz/cen6AAtIQ=="
    },
    "@types/jszip": {
      "version": "3.4.1",
      "resolved": "https://registry.npmjs.org/@types/jszip/-/jszip-3.4.1.tgz",
      "integrity": "sha512-TezXjmf3lj+zQ651r6hPqvSScqBLvyPI9FxdXBqpEwBijNGQ2NXpaFW/7joGzveYkKQUil7iiDHLo6LV71Pc0A==",
      "requires": {
        "jszip": "*"
      }
    },
    "core-js": {
      "version": "3.6.5",
      "resolved": "https://registry.npmjs.org/core-js/-/core-js-3.6.5.tgz",
      "integrity": "sha512-vZVEEwZoIsI+vPEuoF9Iqf5H7/M3eeQqWlQnYa8FSKKePuYTf5MWnxb5SDAzCa60b3JBRS5g9b+Dq7b1y/RCrA=="
    },
    "core-util-is": {
      "version": "1.0.2",
      "resolved": "https://registry.npmjs.org/core-util-is/-/core-util-is-1.0.2.tgz",
      "integrity": "sha1-tf1UIgqivFq1eqtxQMlAdUUDwac="
    },
    "hammerjs": {
      "version": "2.0.8",
      "resolved": "https://registry.npmjs.org/hammerjs/-/hammerjs-2.0.8.tgz",
      "integrity": "sha1-BO93hiz/K7edMPdpIJWTAiK/YPE="
    },
    "igniteui-angular": {
      "version": "9.0.14",
      "resolved": "https://registry.npmjs.org/igniteui-angular/-/igniteui-angular-9.0.14.tgz",
      "integrity": "sha512-xdZT3N+8/JvbG3TJoHhsMJdXJhNMPlNQs8uTY3atRBD4tVfTOjusq5SddGmgMPdE+fbJME55JlQLo5UqUh78ng==",
      "requires": {
        "@types/hammerjs": "^2.0.36",
        "@types/jszip": "^3.1.7",
        "hammerjs": "^2.0.8",
        "jszip": "^3.3.0",
        "resize-observer-polyfill": "^1.5.1"
      }
    },
    "immediate": {
      "version": "3.0.6",
      "resolved": "https://registry.npmjs.org/immediate/-/immediate-3.0.6.tgz",
      "integrity": "sha1-nbHb0Pr43m++D13V5Wu2BigN5ps="
    },
    "inherits": {
      "version": "2.0.4",
      "resolved": "https://registry.npmjs.org/inherits/-/inherits-2.0.4.tgz",
      "integrity": "sha512-k/vGaX4/Yla3WzyMCvTQOXYeIHvqOKtnqBduzTHpzpQZzAskKMhZ2K+EnBiSM9zGSoIFeMpXKxa4dYeZIQqewQ=="
    },
    "isarray": {
      "version": "1.0.0",
      "resolved": "https://registry.npmjs.org/isarray/-/isarray-1.0.0.tgz",
      "integrity": "sha1-u5NdSFgsuhaMBoNJV6VKPgcSTxE="
    },
    "jszip": {
      "version": "3.4.0",
      "resolved": "https://registry.npmjs.org/jszip/-/jszip-3.4.0.tgz",
      "integrity": "sha512-gZAOYuPl4EhPTXT0GjhI3o+ZAz3su6EhLrKUoAivcKqyqC7laS5JEv4XWZND9BgcDcF83vI85yGbDmDR6UhrIg==",
      "requires": {
        "lie": "~3.3.0",
        "pako": "~1.0.2",
        "readable-stream": "~2.3.6",
        "set-immediate-shim": "~1.0.1"
      }
    },
    "lie": {
      "version": "3.3.0",
      "resolved": "https://registry.npmjs.org/lie/-/lie-3.3.0.tgz",
      "integrity": "sha512-UaiMJzeWRlEujzAuw5LokY1L5ecNQYZKfmyZ9L7wDHb/p5etKaxXhohBcrw0EYby+G/NA52vRSN4N39dxHAIwQ==",
      "requires": {
        "immediate": "~3.0.5"
      }
    },
    "pako": {
      "version": "1.0.11",
      "resolved": "https://registry.npmjs.org/pako/-/pako-1.0.11.tgz",
      "integrity": "sha512-4hLB8Py4zZce5s4yd9XzopqwVv/yGNhV1Bl8NTmCq1763HeK2+EwVTv+leGeL13Dnh2wfbqowVPXCIO0z4taYw=="
    },
    "process-nextick-args": {
      "version": "2.0.1",
      "resolved": "https://registry.npmjs.org/process-nextick-args/-/process-nextick-args-2.0.1.tgz",
      "integrity": "sha512-3ouUOpQhtgrbOa17J7+uxOTpITYWaGP7/AhoR3+A+/1e9skrzelGi/dXzEYyvbxubEF6Wn2ypscTKiKJFFn1ag=="
    },
    "readable-stream": {
      "version": "2.3.7",
      "resolved": "https://registry.npmjs.org/readable-stream/-/readable-stream-2.3.7.tgz",
      "integrity": "sha512-Ebho8K4jIbHAxnuxi7o42OrZgF/ZTNcsZj6nRKyUmkhLFq8CHItp/fy6hQZuZmP/n3yZ9VBUbp4zz/mX8hmYPw==",
      "requires": {
        "core-util-is": "~1.0.0",
        "inherits": "~2.0.3",
        "isarray": "~1.0.0",
        "process-nextick-args": "~2.0.0",
        "safe-buffer": "~5.1.1",
        "string_decoder": "~1.1.1",
        "util-deprecate": "~1.0.1"
      }
    },
    "reflect-metadata": {
      "version": "0.1.13",
      "resolved": "https://registry.npmjs.org/reflect-metadata/-/reflect-metadata-0.1.13.tgz",
      "integrity": "sha512-Ts1Y/anZELhSsjMcU605fU9RE4Oi3p5ORujwbIKXfWa+0Zxs510Qrmrce5/Jowq3cHSZSJqBjypxmHarc+vEWg=="
    },
    "resize-observer-polyfill": {
      "version": "1.5.1",
      "resolved": "https://registry.npmjs.org/resize-observer-polyfill/-/resize-observer-polyfill-1.5.1.tgz",
      "integrity": "sha512-LwZrotdHOo12nQuZlHEmtuXdqGoOD0OhaxopaNFxWzInpEgaLWoVuAMbTzixuosCx2nEG58ngzW3vxdWoxIgdg=="
    },
    "rxjs": {
      "version": "6.5.5",
      "resolved": "https://registry.npmjs.org/rxjs/-/rxjs-6.5.5.tgz",
      "integrity": "sha512-WfQI+1gohdf0Dai/Bbmk5L5ItH5tYqm3ki2c5GdWhKjalzjg93N3avFjVStyZZz+A2Em+ZxKH5bNghw9UeylGQ==",
      "requires": {
        "tslib": "^1.9.0"
      }
    },
    "rxjs-compat": {
      "version": "6.5.5",
      "resolved": "https://registry.npmjs.org/rxjs-compat/-/rxjs-compat-6.5.5.tgz",
      "integrity": "sha512-F42sssVbUyWH4vJswEo6m+Eh02xHv3q93n8S7nUJO58R7sbc3CvJIOts605zdaBhWa1xMB9aVSyqPqhQ5q3eXg=="
    },
    "safe-buffer": {
      "version": "5.1.2",
      "resolved": "https://registry.npmjs.org/safe-buffer/-/safe-buffer-5.1.2.tgz",
      "integrity": "sha512-Gd2UZBJDkXlY7GbJxfsE8/nvKkUEU1G38c1siN6QP6a9PT9MmHB8GnpscSmMJSoF8LOIrt8ud/wPtojys4G6+g=="
    },
    "set-immediate-shim": {
      "version": "1.0.1",
      "resolved": "https://registry.npmjs.org/set-immediate-shim/-/set-immediate-shim-1.0.1.tgz",
      "integrity": "sha1-SysbJ+uAip+NzEgaWOXlb1mfP2E="
    },
    "string_decoder": {
      "version": "1.1.1",
      "resolved": "https://registry.npmjs.org/string_decoder/-/string_decoder-1.1.1.tgz",
      "integrity": "sha512-n/ShnvDi6FHbbVfviro+WojiFzv+s8MPMHBczVePfUpDJLwoLT0ht1l4YwBCbi8pJAveEEdnkHyPyTP/mzRfwg==",
      "requires": {
        "safe-buffer": "~5.1.0"
      }
    },
    "tslib": {
      "version": "1.13.0",
      "resolved": "https://registry.npmjs.org/tslib/-/tslib-1.13.0.tgz",
      "integrity": "sha512-i/6DQjL8Xf3be4K/E6Wgpekn5Qasl1usyw++dAA35Ue5orEn65VIxOA+YvNNl9HV3qv70T7CNwjODHZrLwvd1Q=="
    },
    "util-deprecate": {
      "version": "1.0.2",
      "resolved": "https://registry.npmjs.org/util-deprecate/-/util-deprecate-1.0.2.tgz",
      "integrity": "sha1-RQ1Nyfpw3nMnYvvS1KKJgUGaDM8="
    },
    "zone.js": {
      "version": "0.10.3",
      "resolved": "https://registry.npmjs.org/zone.js/-/zone.js-0.10.3.tgz",
      "integrity": "sha512-LXVLVEq0NNOqK/fLJo3d0kfzd4sxwn2/h67/02pjCjfKDxgx1i9QqpvtHD8CrBnSSwMw5+dy11O7FRX5mkO7Cg=="
    }
  }
}
